# This file was autogenerated by Stack.
# You should not edit this file by hand.
# For more information, please see the documentation at:
#   https://docs.haskellstack.org/en/stable/lock_files

packages:
- completed:
    hackage: free-foil-0.2.0@sha256:7f99c518a63ff314c7c8ca9776625e22ef56c5170593b52c82fea6f461ac753b,3300
    pantry-tree:
      sha256: f7e45cc53601ff9f70113d0b156465f062b423ed74816159c73210a584cd9126
      size: 1853
  original:
    hackage: free-foil-0.2.0@sha256:7f99c518a63ff314c7c8ca9776625e22ef56c5170593b52c82fea6f461ac753b,3300
snapshots:
- completed:
    sha256: 2b63732cfb5782292320fdba3920b71a2144d1265018f0312cb35b0ce04e78f5
    size: 656849
    url: https://raw.githubusercontent.com/commercialhaskell/stackage-snapshots/master/nightly/2024/8/2.yaml
  original: nightly-2024-08-02
