# This file was autogenerated by Stack.
# You should not edit this file by hand.
# For more information, please see the documentation at:
#   https://docs.haskellstack.org/en/stable/topics/lock_files

packages:
- completed:
    hackage: free-foil-0.5.0@sha256:a58e5a48680af1a7e5fb0e1d2b79802211e2dca832ddc38c6fa26af8572d3cd7,8354
    pantry-tree:
      sha256: cf066bdbe0ec22eeb8b51cd51828d2fd1e9f92a9c3c0ba0f06fcd425cb7ed360
      size: 5387
  original:
    hackage: free-foil-0.5.0@sha256:a58e5a48680af1a7e5fb0e1d2b79802211e2dca832ddc38c6fa26af8572d3cd7,8354
- completed:
    hackage: kind-generics-th-0.2.3.3@sha256:c53280116db0dab9891f5a531679073f0b1f9ba6b8a3399bca11d98c506d0c62,1578
    pantry-tree:
      sha256: 89954f3519b63d5d379ff3e062f9c7ad9d3e1106ee734a99fa8c9943d7df0150
      size: 328
  original:
    hackage: kind-generics-th-0.2.3.3@sha256:c53280116db0dab9891f5a531679073f0b1f9ba6b8a3399bca11d98c506d0c62,1578
snapshots:
- completed:
    sha256: 2b63732cfb5782292320fdba3920b71a2144d1265018f0312cb35b0ce04e78f5
    size: 656849
    url: https://raw.githubusercontent.com/commercialhaskell/stackage-snapshots/master/nightly/2024/8/2.yaml
  original: nightly-2024-08-02
